// !$*UTF8*$!
{
	archiveVersion = 1;
	classes = {
	};
	objectVersion = 56;
	objects = {

/* Begin PBXBuildFile section */
		AB7E35532C869F3800C7553C /* AppDelegate.swift in Sources */ = {isa = PBXBuildFile; fileRef = AB7E35522C869F3800C7553C /* AppDelegate.swift */; };
		AB7E35552C869F3800C7553C /* SceneDelegate.swift in Sources */ = {isa = PBXBuildFile; fileRef = AB7E35542C869F3800C7553C /* SceneDelegate.swift */; };
		AB7E35572C869F3800C7553C /* ViewController.swift in Sources */ = {isa = PBXBuildFile; fileRef = AB7E35562C869F3800C7553C /* ViewController.swift */; };
		AB7E355C2C869F3900C7553C /* Assets.xcassets in Resources */ = {isa = PBXBuildFile; fileRef = AB7E355B2C869F3900C7553C /* Assets.xcassets */; };
		AB7E355F2C869F3900C7553C /* LaunchScreen.storyboard in Resources */ = {isa = PBXBuildFile; fileRef = AB7E355D2C869F3900C7553C /* LaunchScreen.storyboard */; };
		AB7E356A2C869F3900C7553C /* MusicAppCloneTests.swift in Sources */ = {isa = PBXBuildFile; fileRef = AB7E35692C869F3900C7553C /* MusicAppCloneTests.swift */; };
		AB7E35742C869F3900C7553C /* MusicAppCloneUITests.swift in Sources */ = {isa = PBXBuildFile; fileRef = AB7E35732C869F3900C7553C /* MusicAppCloneUITests.swift */; };
		AB7E35762C869F3900C7553C /* MusicAppCloneUITestsLaunchTests.swift in Sources */ = {isa = PBXBuildFile; fileRef = AB7E35752C869F3900C7553C /* MusicAppCloneUITestsLaunchTests.swift */; };
/* End PBXBuildFile section */

/* Begin PBXContainerItemProxy section */
		AB7E35662C869F3900C7553C /* PBXContainerItemProxy */ = {
			isa = PBXContainerItemProxy;
			containerPortal = AB7E35472C869F3800C7553C /* Project object */;
			proxyType = 1;
			remoteGlobalIDString = AB7E354E2C869F3800C7553C;
			remoteInfo = MusicAppClone;
		};
		AB7E35702C869F3900C7553C /* PBXContainerItemProxy */ = {
			isa = PBXContainerItemProxy;
			containerPortal = AB7E35472C869F3800C7553C /* Project object */;
			proxyType = 1;
			remoteGlobalIDString = AB7E354E2C869F3800C7553C;
			remoteInfo = MusicAppClone;
		};
/* End PBXContainerItemProxy section */

/* Begin PBXFileReference section */
		AB7E354F2C869F3800C7553C /* MusicAppClone.app */ = {isa = PBXFileReference; explicitFileType = wrapper.application; includeInIndex = 0; path = MusicAppClone.app; sourceTree = BUILT_PRODUCTS_DIR; };
		AB7E35522C869F3800C7553C /* AppDelegate.swift */ = {isa = PBXFileReference; lastKnownFileType = sourcecode.swift; path = AppDelegate.swift; sourceTree = "<group>"; };
		AB7E35542C869F3800C7553C /* SceneDelegate.swift */ = {isa = PBXFileReference; lastKnownFileType = sourcecode.swift; path = SceneDelegate.swift; sourceTree = "<group>"; };
		AB7E35562C869F3800C7553C /* ViewController.swift */ = {isa = PBXFileReference; lastKnownFileType = sourcecode.swift; path = ViewController.swift; sourceTree = "<group>"; };
		AB7E355B2C869F3900C7553C /* Assets.xcassets */ = {isa = PBXFileReference; lastKnownFileType = folder.assetcatalog; path = Assets.xcassets; sourceTree = "<group>"; };
		AB7E355E2C869F3900C7553C /* Base */ = {isa = PBXFileReference; lastKnownFileType = file.storyboard; name = Base; path = Base.lproj/LaunchScreen.storyboard; sourceTree = "<group>"; };
		AB7E35602C869F3900C7553C /* Info.plist */ = {isa = PBXFileReference; lastKnownFileType = text.plist.xml; path = Info.plist; sourceTree = "<group>"; };
		AB7E35652C869F3900C7553C /* MusicAppCloneTests.xctest */ = {isa = PBXFileReference; explicitFileType = wrapper.cfbundle; includeInIndex = 0; path = MusicAppCloneTests.xctest; sourceTree = BUILT_PRODUCTS_DIR; };
		AB7E35692C869F3900C7553C /* MusicAppCloneTests.swift */ = {isa = PBXFileReference; lastKnownFileType = sourcecode.swift; path = MusicAppCloneTests.swift; sourceTree = "<group>"; };
		AB7E356F2C869F3900C7553C /* MusicAppCloneUITests.xctest */ = {isa = PBXFileReference; explicitFileType = wrapper.cfbundle; includeInIndex = 0; path = MusicAppCloneUITests.xctest; sourceTree = BUILT_PRODUCTS_DIR; };
		AB7E35732C869F3900C7553C /* MusicAppCloneUITests.swift */ = {isa = PBXFileReference; lastKnownFileType = sourcecode.swift; path = MusicAppCloneUITests.swift; sourceTree = "<group>"; };
		AB7E35752C869F3900C7553C /* MusicAppCloneUITestsLaunchTests.swift */ = {isa = PBXFileReference; lastKnownFileType = sourcecode.swift; path = MusicAppCloneUITestsLaunchTests.swift; sourceTree = "<group>"; };
/* End PBXFileReference section */

/* Begin PBXFrameworksBuildPhase section */
		AB7E354C2C869F3800C7553C /* Frameworks */ = {
			isa = PBXFrameworksBuildPhase;
			buildActionMask = 2147483647;
			files = (
			);
			runOnlyForDeploymentPostprocessing = 0;
		};
		AB7E35622C869F3900C7553C /* Frameworks */ = {
			isa = PBXFrameworksBuildPhase;
			buildActionMask = 2147483647;
			files = (
			);
			runOnlyForDeploymentPostprocessing = 0;
		};
		AB7E356C2C869F3900C7553C /* Frameworks */ = {
			isa = PBXFrameworksBuildPhase;
			buildActionMask = 2147483647;
			files = (
			);
			runOnlyForDeploymentPostprocessing = 0;
		};
/* End PBXFrameworksBuildPhase section */

/* Begin PBXGroup section */
		227BABE0C9E5EAE5019BB228 /* Pods */ = {
			isa = PBXGroup;
			children = (
			);
			path = Pods;
			sourceTree = "<group>";
		};
		AB7E35462C869F3800C7553C = {
			isa = PBXGroup;
			children = (
				AB7E35512C869F3800C7553C /* MusicAppClone */,
				AB7E35682C869F3900C7553C /* MusicAppCloneTests */,
				AB7E35722C869F3900C7553C /* MusicAppCloneUITests */,
				AB7E35502C869F3800C7553C /* Products */,
				227BABE0C9E5EAE5019BB228 /* Pods */,
			);
			sourceTree = "<group>";
		};
		AB7E35502C869F3800C7553C /* Products */ = {
			isa = PBXGroup;
			children = (
				AB7E354F2C869F3800C7553C /* MusicAppClone.app */,
				AB7E35652C869F3900C7553C /* MusicAppCloneTests.xctest */,
				AB7E356F2C869F3900C7553C /* MusicAppCloneUITests.xctest */,
			);
			name = Products;
			sourceTree = "<group>";
		};
		AB7E35512C869F3800C7553C /* MusicAppClone */ = {
			isa = PBXGroup;
			children = (
				AB7E35522C869F3800C7553C /* AppDelegate.swift */,
				AB7E35542C869F3800C7553C /* SceneDelegate.swift */,
				AB7E35562C869F3800C7553C /* ViewController.swift */,
				AB7E355B2C869F3900C7553C /* Assets.xcassets */,
				AB7E355D2C869F3900C7553C /* LaunchScreen.storyboard */,
				AB7E35602C869F3900C7553C /* Info.plist */,
			);
			path = MusicAppClone;
			sourceTree = "<group>";
		};
		AB7E35682C869F3900C7553C /* MusicAppCloneTests */ = {
			isa = PBXGroup;
			children = (
				AB7E35692C869F3900C7553C /* MusicAppCloneTests.swift */,
			);
			path = MusicAppCloneTests;
			sourceTree = "<group>";
		};
		AB7E35722C869F3900C7553C /* MusicAppCloneUITests */ = {
			isa = PBXGroup;
			children = (
				AB7E35732C869F3900C7553C /* MusicAppCloneUITests.swift */,
				AB7E35752C869F3900C7553C /* MusicAppCloneUITestsLaunchTests.swift */,
			);
			path = MusicAppCloneUITests;
			sourceTree = "<group>";
		};
/* End PBXGroup section */

/* Begin PBXNativeTarget section */
		AB7E354E2C869F3800C7553C /* MusicAppClone */ = {
			isa = PBXNativeTarget;
			buildConfigurationList = AB7E35792C869F3900C7553C /* Build configuration list for PBXNativeTarget "MusicAppClone" */;
			buildPhases = (
				AB7E354B2C869F3800C7553C /* Sources */,
				AB7E354C2C869F3800C7553C /* Frameworks */,
				AB7E354D2C869F3800C7553C /* Resources */,
			);
			buildRules = (
			);
			dependencies = (
			);
			name = MusicAppClone;
			productName = MusicAppClone;
			productReference = AB7E354F2C869F3800C7553C /* MusicAppClone.app */;
			productType = "com.apple.product-type.application";
		};
		AB7E35642C869F3900C7553C /* MusicAppCloneTests */ = {
			isa = PBXNativeTarget;
			buildConfigurationList = AB7E357C2C869F3900C7553C /* Build configuration list for PBXNativeTarget "MusicAppCloneTests" */;
			buildPhases = (
				AB7E35612C869F3900C7553C /* Sources */,
				AB7E35622C869F3900C7553C /* Frameworks */,
				AB7E35632C869F3900C7553C /* Resources */,
			);
			buildRules = (
			);
			dependencies = (
				AB7E35672C869F3900C7553C /* PBXTargetDependency */,
			);
			name = MusicAppCloneTests;
			productName = MusicAppCloneTests;
			productReference = AB7E35652C869F3900C7553C /* MusicAppCloneTests.xctest */;
			productType = "com.apple.product-type.bundle.unit-test";
		};
		AB7E356E2C869F3900C7553C /* MusicAppCloneUITests */ = {
			isa = PBXNativeTarget;
			buildConfigurationList = AB7E357F2C869F3900C7553C /* Build configuration list for PBXNativeTarget "MusicAppCloneUITests" */;
			buildPhases = (
				AB7E356B2C869F3900C7553C /* Sources */,
				AB7E356C2C869F3900C7553C /* Frameworks */,
				AB7E356D2C869F3900C7553C /* Resources */,
			);
			buildRules = (
			);
			dependencies = (
				AB7E35712C869F3900C7553C /* PBXTargetDependency */,
			);
			name = MusicAppCloneUITests;
			productName = MusicAppCloneUITests;
			productReference = AB7E356F2C869F3900C7553C /* MusicAppCloneUITests.xctest */;
			productType = "com.apple.product-type.bundle.ui-testing";
		};
/* End PBXNativeTarget section */

/* Begin PBXProject section */
		AB7E35472C869F3800C7553C /* Project object */ = {
			isa = PBXProject;
			attributes = {
				BuildIndependentTargetsInParallel = 1;
				LastSwiftUpdateCheck = 1500;
				LastUpgradeCheck = 1500;
				TargetAttributes = {
					AB7E354E2C869F3800C7553C = {
						CreatedOnToolsVersion = 15.0.1;
					};
					AB7E35642C869F3900C7553C = {
						CreatedOnToolsVersion = 15.0.1;
						TestTargetID = AB7E354E2C869F3800C7553C;
					};
					AB7E356E2C869F3900C7553C = {
						CreatedOnToolsVersion = 15.0.1;
						TestTargetID = AB7E354E2C869F3800C7553C;
					};
				};
			};
			buildConfigurationList = AB7E354A2C869F3800C7553C /* Build configuration list for PBXProject "MusicAppClone" */;
			compatibilityVersion = "Xcode 14.0";
			developmentRegion = en;
			hasScannedForEncodings = 0;
			knownRegions = (
				en,
				Base,
			);
			mainGroup = AB7E35462C869F3800C7553C;
			productRefGroup = AB7E35502C869F3800C7553C /* Products */;
			projectDirPath = "";
			projectRoot = "";
			targets = (
				AB7E354E2C869F3800C7553C /* MusicAppClone */,
				AB7E35642C869F3900C7553C /* MusicAppCloneTests */,
				AB7E356E2C869F3900C7553C /* MusicAppCloneUITests */,
			);
		};
/* End PBXProject section */

/* Begin PBXResourcesBuildPhase section */
		AB7E354D2C869F3800C7553C /* Resources */ = {
			isa = PBXResourcesBuildPhase;
			buildActionMask = 2147483647;
			files = (
				AB7E355F2C869F3900C7553C /* LaunchScreen.storyboard in Resources */,
				AB7E355C2C869F3900C7553C /* Assets.xcassets in Resources */,
			);
			runOnlyForDeploymentPostprocessing = 0;
		};
		AB7E35632C869F3900C7553C /* Resources */ = {
			isa = PBXResourcesBuildPhase;
			buildActionMask = 2147483647;
			files = (
			);
			runOnlyForDeploymentPostprocessing = 0;
		};
		AB7E356D2C869F3900C7553C /* Resources */ = {
			isa = PBXResourcesBuildPhase;
			buildActionMask = 2147483647;
			files = (
			);
			runOnlyForDeploymentPostprocessing = 0;
		};
/* End PBXResourcesBuildPhase section */

/* Begin PBXSourcesBuildPhase section */
		AB7E354B2C869F3800C7553C /* Sources */ = {
			isa = PBXSourcesBuildPhase;
			buildActionMask = 2147483647;
			files = (
				AB7E35572C869F3800C7553C /* ViewController.swift in Sources */,
				AB7E35532C869F3800C7553C /* AppDelegate.swift in Sources */,
				AB7E35552C869F3800C7553C /* SceneDelegate.swift in Sources */,
			);
			runOnlyForDeploymentPostprocessing = 0;
		};
		AB7E35612C869F3900C7553C /* Sources */ = {
			isa = PBXSourcesBuildPhase;
			buildActionMask = 2147483647;
			files = (
				AB7E356A2C869F3900C7553C /* MusicAppCloneTests.swift in Sources */,
			);
			runOnlyForDeploymentPostprocessing = 0;
		};
		AB7E356B2C869F3900C7553C /* Sources */ = {
			isa = PBXSourcesBuildPhase;
			buildActionMask = 2147483647;
			files = (
				AB7E35762C869F3900C7553C /* MusicAppCloneUITestsLaunchTests.swift in Sources */,
				AB7E35742C869F3900C7553C /* MusicAppCloneUITests.swift in Sources */,
			);
			runOnlyForDeploymentPostprocessing = 0;
		};
/* End PBXSourcesBuildPhase section */

/* Begin PBXTargetDependency section */
		AB7E35672C869F3900C7553C /* PBXTargetDependency */ = {
			isa = PBXTargetDependency;
			target = AB7E354E2C869F3800C7553C /* MusicAppClone */;
			targetProxy = AB7E35662C869F3900C7553C /* PBXContainerItemProxy */;
		};
		AB7E35712C869F3900C7553C /* PBXTargetDependency */ = {
			isa = PBXTargetDependency;
			target = AB7E354E2C869F3800C7553C /* MusicAppClone */;
			targetProxy = AB7E35702C869F3900C7553C /* PBXContainerItemProxy */;
		};
/* End PBXTargetDependency section */

/* Begin PBXVariantGroup section */
		AB7E355D2C869F3900C7553C /* LaunchScreen.storyboard */ = {
			isa = PBXVariantGroup;
			children = (
				AB7E355E2C869F3900C7553C /* Base */,
			);
			name = LaunchScreen.storyboard;
			sourceTree = "<group>";
		};
/* End PBXVariantGroup section */

/* Begin XCBuildConfiguration section */
		AB7E35772C869F3900C7553C /* Debug */ = {
			isa = XCBuildConfiguration;
			buildSettings = {
				ALWAYS_SEARCH_USER_PATHS = NO;
				ASSETCATALOG_COMPILER_GENERATE_SWIFT_ASSET_SYMBOL_EXTENSIONS = YES;
				CLANG_ANALYZER_NONNULL = YES;
				CLANG_ANALYZER_NUMBER_OBJECT_CONVERSION = YES_AGGRESSIVE;
				CLANG_CXX_LANGUAGE_STANDARD = "gnu++20";
				CLANG_ENABLE_MODULES = YES;
				CLANG_ENABLE_OBJC_ARC = YES;
				CLANG_ENABLE_OBJC_WEAK = YES;
				CLANG_WARN_BLOCK_CAPTURE_AUTORELEASING = YES;
				CLANG_WARN_BOOL_CONVERSION = YES;
				CLANG_WARN_COMMA = YES;
				CLANG_WARN_CONSTANT_CONVERSION = YES;
				CLANG_WARN_DEPRECATED_OBJC_IMPLEMENTATIONS = YES;
				CLANG_WARN_DIRECT_OBJC_ISA_USAGE = YES_ERROR;
				CLANG_WARN_DOCUMENTATION_COMMENTS = YES;
				CLANG_WARN_EMPTY_BODY = YES;
				CLANG_WARN_ENUM_CONVERSION = YES;
				CLANG_WARN_INFINITE_RECURSION = YES;
				CLANG_WARN_INT_CONVERSION = YES;
				CLANG_WARN_NON_LITERAL_NULL_CONVERSION = YES;
				CLANG_WARN_OBJC_IMPLICIT_RETAIN_SELF = YES;
				CLANG_WARN_OBJC_LITERAL_CONVERSION = YES;
				CLANG_WARN_OBJC_ROOT_CLASS = YES_ERROR;
				CLANG_WARN_QUOTED_INCLUDE_IN_FRAMEWORK_HEADER = YES;
				CLANG_WARN_RANGE_LOOP_ANALYSIS = YES;
				CLANG_WARN_STRICT_PROTOTYPES = YES;
				CLANG_WARN_SUSPICIOUS_MOVE = YES;
				CLANG_WARN_UNGUARDED_AVAILABILITY = YES_AGGRESSIVE;
				CLANG_WARN_UNREACHABLE_CODE = YES;
				CLANG_WARN__DUPLICATE_METHOD_MATCH = YES;
				COPY_PHASE_STRIP = NO;
				DEBUG_INFORMATION_FORMAT = dwarf;
				ENABLE_STRICT_OBJC_MSGSEND = YES;
				ENABLE_TESTABILITY = YES;
				ENABLE_USER_SCRIPT_SANDBOXING = YES;
				GCC_C_LANGUAGE_STANDARD = gnu17;
				GCC_DYNAMIC_NO_PIC = NO;
				GCC_NO_COMMON_BLOCKS = YES;
				GCC_OPTIMIZATION_LEVEL = 0;
				GCC_PREPROCESSOR_DEFINITIONS = (
					"DEBUG=1",
					"$(inherited)",
				);
				GCC_WARN_64_TO_32_BIT_CONVERSION = YES;
				GCC_WARN_ABOUT_RETURN_TYPE = YES_ERROR;
				GCC_WARN_UNDECLARED_SELECTOR = YES;
				GCC_WARN_UNINITIALIZED_AUTOS = YES_AGGRESSIVE;
				GCC_WARN_UNUSED_FUNCTION = YES;
				GCC_WARN_UNUSED_VARIABLE = YES;
				IPHONEOS_DEPLOYMENT_TARGET = 17.0;
				LOCALIZATION_PREFERS_STRING_CATALOGS = YES;
				MTL_ENABLE_DEBUG_INFO = INCLUDE_SOURCE;
				MTL_FAST_MATH = YES;
				ONLY_ACTIVE_ARCH = YES;
				SDKROOT = iphoneos;
				SWIFT_ACTIVE_COMPILATION_CONDITIONS = "DEBUG $(inherited)";
				SWIFT_OPTIMIZATION_LEVEL = "-Onone";
			};
			name = Debug;
		};
		AB7E35782C869F3900C7553C /* Release */ = {
			isa = XCBuildConfiguration;
			buildSettings = {
				ALWAYS_SEARCH_USER_PATHS = NO;
				ASSETCATALOG_COMPILER_GENERATE_SWIFT_ASSET_SYMBOL_EXTENSIONS = YES;
				CLANG_ANALYZER_NONNULL = YES;
				CLANG_ANALYZER_NUMBER_OBJECT_CONVERSION = YES_AGGRESSIVE;
				CLANG_CXX_LANGUAGE_STANDARD = "gnu++20";
				CLANG_ENABLE_MODULES = YES;
				CLANG_ENABLE_OBJC_ARC = YES;
				CLANG_ENABLE_OBJC_WEAK = YES;
				CLANG_WARN_BLOCK_CAPTURE_AUTORELEASING = YES;
				CLANG_WARN_BOOL_CONVERSION = YES;
				CLANG_WARN_COMMA = YES;
				CLANG_WARN_CONSTANT_CONVERSION = YES;
				CLANG_WARN_DEPRECATED_OBJC_IMPLEMENTATIONS = YES;
				CLANG_WARN_DIRECT_OBJC_ISA_USAGE = YES_ERROR;
				CLANG_WARN_DOCUMENTATION_COMMENTS = YES;
				CLANG_WARN_EMPTY_BODY = YES;
				CLANG_WARN_ENUM_CONVERSION = YES;
				CLANG_WARN_INFINITE_RECURSION = YES;
				CLANG_WARN_INT_CONVERSION = YES;
				CLANG_WARN_NON_LITERAL_NULL_CONVERSION = YES;
				CLANG_WARN_OBJC_IMPLICIT_RETAIN_SELF = YES;
				CLANG_WARN_OBJC_LITERAL_CONVERSION = YES;
				CLANG_WARN_OBJC_ROOT_CLASS = YES_ERROR;
				CLANG_WARN_QUOTED_INCLUDE_IN_FRAMEWORK_HEADER = YES;
				CLANG_WARN_RANGE_LOOP_ANALYSIS = YES;
				CLANG_WARN_STRICT_PROTOTYPES = YES;
				CLANG_WARN_SUSPICIOUS_MOVE = YES;
				CLANG_WARN_UNGUARDED_AVAILABILITY = YES_AGGRESSIVE;
				CLANG_WARN_UNREACHABLE_CODE = YES;
				CLANG_WARN__DUPLICATE_METHOD_MATCH = YES;
				COPY_PHASE_STRIP = NO;
				DEBUG_INFORMATION_FORMAT = "dwarf-with-dsym";
				ENABLE_NS_ASSERTIONS = NO;
				ENABLE_STRICT_OBJC_MSGSEND = YES;
				ENABLE_USER_SCRIPT_SANDBOXING = YES;
				GCC_C_LANGUAGE_STANDARD = gnu17;
				GCC_NO_COMMON_BLOCKS = YES;
				GCC_WARN_64_TO_32_BIT_CONVERSION = YES;
				GCC_WARN_ABOUT_RETURN_TYPE = YES_ERROR;
				GCC_WARN_UNDECLARED_SELECTOR = YES;
				GCC_WARN_UNINITIALIZED_AUTOS = YES_AGGRESSIVE;
				GCC_WARN_UNUSED_FUNCTION = YES;
				GCC_WARN_UNUSED_VARIABLE = YES;
				IPHONEOS_DEPLOYMENT_TARGET = 17.0;
				LOCALIZATION_PREFERS_STRING_CATALOGS = YES;
				MTL_ENABLE_DEBUG_INFO = NO;
				MTL_FAST_MATH = YES;
				SDKROOT = iphoneos;
				SWIFT_COMPILATION_MODE = wholemodule;
				VALIDATE_PRODUCT = YES;
			};
			name = Release;
		};
		AB7E357A2C869F3900C7553C /* Debug */ = {
			isa = XCBuildConfiguration;
			buildSettings = {
				ASSETCATALOG_COMPILER_APPICON_NAME = AppIcon;
				ASSETCATALOG_COMPILER_GLOBAL_ACCENT_COLOR_NAME = AccentColor;
				CODE_SIGN_STYLE = Automatic;
				CURRENT_PROJECT_VERSION = 1;
				DEVELOPMENT_TEAM = TA9B4FGCP9;
				ENABLE_USER_SCRIPT_SANDBOXING = NO;
				GENERATE_INFOPLIST_FILE = YES;
				INFOPLIST_FILE = MusicAppClone/Info.plist;
				INFOPLIST_KEY_CFBundleDisplayName = VibeWave;
				INFOPLIST_KEY_UIApplicationSupportsIndirectInputEvents = YES;
				INFOPLIST_KEY_UILaunchStoryboardName = LaunchScreen;
				INFOPLIST_KEY_UISupportedInterfaceOrientations = UIInterfaceOrientationPortrait;
				IPHONEOS_DEPLOYMENT_TARGET = 16.4;
				LD_RUNPATH_SEARCH_PATHS = (
					"$(inherited)",
					"@executable_path/Frameworks",
				);
				MARKETING_VERSION = 1.0;
				PRODUCT_BUNDLE_IDENTIFIER = com.settpark.MusicAppClone;
				PRODUCT_NAME = "$(TARGET_NAME)";
				SUPPORTED_PLATFORMS = "iphoneos iphonesimulator";
				SUPPORTS_MACCATALYST = NO;
				SUPPORTS_MAC_DESIGNED_FOR_IPHONE_IPAD = NO;
				SWIFT_EMIT_LOC_STRINGS = YES;
				SWIFT_VERSION = 5.0;
				TARGETED_DEVICE_FAMILY = "1,2";
			};
			name = Debug;
		};
		AB7E357B2C869F3900C7553C /* Release */ = {
			isa = XCBuildConfiguration;
			buildSettings = {
				ASSETCATALOG_COMPILER_APPICON_NAME = AppIcon;
				ASSETCATALOG_COMPILER_GLOBAL_ACCENT_COLOR_NAME = AccentColor;
				CODE_SIGN_STYLE = Automatic;
				CURRENT_PROJECT_VERSION = 1;
				DEVELOPMENT_TEAM = TA9B4FGCP9;
				ENABLE_USER_SCRIPT_SANDBOXING = NO;
				GENERATE_INFOPLIST_FILE = YES;
				INFOPLIST_FILE = MusicAppClone/Info.plist;
				INFOPLIST_KEY_CFBundleDisplayName = VibeWave;
				INFOPLIST_KEY_UIApplicationSupportsIndirectInputEvents = YES;
				INFOPLIST_KEY_UILaunchStoryboardName = LaunchScreen;
				INFOPLIST_KEY_UISupportedInterfaceOrientations = UIInterfaceOrientationPortrait;
				IPHONEOS_DEPLOYMENT_TARGET = 16.4;
				LD_RUNPATH_SEARCH_PATHS = (
					"$(inherited)",
					"@executable_path/Frameworks",
				);
				MARKETING_VERSION = 1.0;
				PRODUCT_BUNDLE_IDENTIFIER = com.settpark.MusicAppClone;
				PRODUCT_NAME = "$(TARGET_NAME)";
				SUPPORTED_PLATFORMS = "iphoneos iphonesimulator";
				SUPPORTS_MACCATALYST = NO;
				SUPPORTS_MAC_DESIGNED_FOR_IPHONE_IPAD = NO;
				SWIFT_EMIT_LOC_STRINGS = YES;
				SWIFT_VERSION = 5.0;
				TARGETED_DEVICE_FAMILY = "1,2";
			};
			name = Release;
		};
		AB7E357D2C869F3900C7553C /* Debug */ = {
			isa = XCBuildConfiguration;
			buildSettings = {
				ALWAYS_EMBED_SWIFT_STANDARD_LIBRARIES = YES;
				BUNDLE_LOADER = "$(TEST_HOST)";
				CODE_SIGN_STYLE = Automatic;
				CURRENT_PROJECT_VERSION = 1;
				DEVELOPMENT_TEAM = TA9B4FGCP9;
				GENERATE_INFOPLIST_FILE = YES;
				IPHONEOS_DEPLOYMENT_TARGET = 17.0;
				MARKETING_VERSION = 1.0;
				PRODUCT_BUNDLE_IDENTIFIER = com.private.MusicAppCloneTests;
				PRODUCT_NAME = "$(TARGET_NAME)";
				SWIFT_EMIT_LOC_STRINGS = NO;
				SWIFT_VERSION = 5.0;
				TARGETED_DEVICE_FAMILY = "1,2";
				TEST_HOST = "$(BUILT_PRODUCTS_DIR)/MusicAppClone.app/$(BUNDLE_EXECUTABLE_FOLDER_PATH)/MusicAppClone";
			};
			name = Debug;
		};
		AB7E357E2C869F3900C7553C /* Release */ = {
			isa = XCBuildConfiguration;
			buildSettings = {
				ALWAYS_EMBED_SWIFT_STANDARD_LIBRARIES = YES;
				BUNDLE_LOADER = "$(TEST_HOST)";
				CODE_SIGN_STYLE = Automatic;
				CURRENT_PROJECT_VERSION = 1;
				DEVELOPMENT_TEAM = TA9B4FGCP9;
				GENERATE_INFOPLIST_FILE = YES;
				IPHONEOS_DEPLOYMENT_TARGET = 17.0;
				MARKETING_VERSION = 1.0;
				PRODUCT_BUNDLE_IDENTIFIER = com.private.MusicAppCloneTests;
				PRODUCT_NAME = "$(TARGET_NAME)";
				SWIFT_EMIT_LOC_STRINGS = NO;
				SWIFT_VERSION = 5.0;
				TARGETED_DEVICE_FAMILY = "1,2";
				TEST_HOST = "$(BUILT_PRODUCTS_DIR)/MusicAppClone.app/$(BUNDLE_EXECUTABLE_FOLDER_PATH)/MusicAppClone";
			};
			name = Release;
		};
		AB7E35802C869F3900C7553C /* Debug */ = {
			isa = XCBuildConfiguration;
			buildSettings = {
				ALWAYS_EMBED_SWIFT_STANDARD_LIBRARIES = YES;
				CODE_SIGN_STYLE = Automatic;
				CURRENT_PROJECT_VERSION = 1;
				DEVELOPMENT_TEAM = TA9B4FGCP9;
				GENERATE_INFOPLIST_FILE = YES;
				MARKETING_VERSION = 1.0;
				PRODUCT_BUNDLE_IDENTIFIER = com.private.MusicAppCloneUITests;
				PRODUCT_NAME = "$(TARGET_NAME)";
				SWIFT_EMIT_LOC_STRINGS = NO;
				SWIFT_VERSION = 5.0;
				TARGETED_DEVICE_FAMILY = "1,2";
				TEST_TARGET_NAME = MusicAppClone;
			};
			name = Debug;
		};
		AB7E35812C869F3900C7553C /* Release */ = {
			isa = XCBuildConfiguration;
			buildSettings = {
				ALWAYS_EMBED_SWIFT_STANDARD_LIBRARIES = YES;
				CODE_SIGN_STYLE = Automatic;
				CURRENT_PROJECT_VERSION = 1;
				DEVELOPMENT_TEAM = TA9B4FGCP9;
				GENERATE_INFOPLIST_FILE = YES;
				MARKETING_VERSION = 1.0;
				PRODUCT_BUNDLE_IDENTIFIER = com.private.MusicAppCloneUITests;
				PRODUCT_NAME = "$(TARGET_NAME)";
				SWIFT_EMIT_LOC_STRINGS = NO;
				SWIFT_VERSION = 5.0;
				TARGETED_DEVICE_FAMILY = "1,2";
				TEST_TARGET_NAME = MusicAppClone;
			};
			name = Release;
		};
/* End XCBuildConfiguration section */

/* Begin XCConfigurationList section */
		AB7E354A2C869F3800C7553C /* Build configuration list for PBXProject "MusicAppClone" */ = {
			isa = XCConfigurationList;
			buildConfigurations = (
				AB7E35772C869F3900C7553C /* Debug */,
				AB7E35782C869F3900C7553C /* Release */,
			);
			defaultConfigurationIsVisible = 0;
			defaultConfigurationName = Release;
		};
		AB7E35792C869F3900C7553C /* Build configuration list for PBXNativeTarget "MusicAppClone" */ = {
			isa = XCConfigurationList;
			buildConfigurations = (
				AB7E357A2C869F3900C7553C /* Debug */,
				AB7E357B2C869F3900C7553C /* Release */,
			);
			defaultConfigurationIsVisible = 0;
			defaultConfigurationName = Release;
		};
		AB7E357C2C869F3900C7553C /* Build configuration list for PBXNativeTarget "MusicAppCloneTests" */ = {
			isa = XCConfigurationList;
			buildConfigurations = (
				AB7E357D2C869F3900C7553C /* Debug */,
				AB7E357E2C869F3900C7553C /* Release */,
			);
			defaultConfigurationIsVisible = 0;
			defaultConfigurationName = Release;
		};
		AB7E357F2C869F3900C7553C /* Build configuration list for PBXNativeTarget "MusicAppCloneUITests" */ = {
			isa = XCConfigurationList;
			buildConfigurations = (
				AB7E35802C869F3900C7553C /* Debug */,
				AB7E35812C869F3900C7553C /* Release */,
			);
			defaultConfigurationIsVisible = 0;
			defaultConfigurationName = Release;
		};
/* End XCConfigurationList section */
	};
	rootObject = AB7E35472C869F3800C7553C /* Project object */;
}
